
Microsoft Visual Studio Solution File, Format Version 12.00
# Visual Studio 14
VisualStudioVersion = 14.0.25420.1
MinimumVisualStudioVersion = 10.0.40219.1
Project("{D954291E-2A0B-460D-934E-DC6B0785DB48}") = "XamarinLabb", "XamarinLabb\XamarinLabb\XamarinLabb.shproj", "{A3B76A5E-C2D3-4A95-98D1-B101BA626708}"
EndProject
Project("{FAE04EC0-301F-11D3-BF4B-00C04F79EFBC}") = "XamarinLabb.Droid", "XamarinLabb\XamarinLabb.Droid\XamarinLabb.Droid.csproj", "{FA617859-3AA7-4505-BC6A-FE90A327D5D0}"
EndProject
Project("{FAE04EC0-301F-11D3-BF4B-00C04F79EFBC}") = "XamarinLabb.iOS", "XamarinLabb\XamarinLabb.iOS\XamarinLabb.iOS.csproj", "{A9A38720-AAB1-493E-BE14-06D0E10FF542}"
EndProject
Project("{FAE04EC0-301F-11D3-BF4B-00C04F79EFBC}") = "XamarinLabb.WinPhone", "XamarinLabb\XamarinLabb.WinPhone\XamarinLabb.WinPhone.csproj", "{AB6FF724-4884-4E6D-B352-B4F4F7001D55}"
EndProject
Project("{FAE04EC0-301F-11D3-BF4B-00C04F79EFBC}") = "XamarinLabb.Windows", "XamarinLabb\XamarinLabb.Windows\XamarinLabb.Windows.csproj", "{B61B0E55-9BFC-4C8A-BE64-1DE76A7EEEE2}"
EndProject
Global
	GlobalSection(SharedMSBuildProjectFiles) = preSolution
		XamarinLabb\XamarinLabb\XamarinLabb.projitems*{a3b76a5e-c2d3-4a95-98d1-b101ba626708}*SharedItemsImports = 13
		XamarinLabb\XamarinLabb\XamarinLabb.projitems*{a9a38720-aab1-493e-be14-06d0e10ff542}*SharedItemsImports = 4
		XamarinLabb\XamarinLabb\XamarinLabb.projitems*{ab6ff724-4884-4e6d-b352-b4f4f7001d55}*SharedItemsImports = 4
		XamarinLabb\XamarinLabb\XamarinLabb.projitems*{b61b0e55-9bfc-4c8a-be64-1de76a7eeee2}*SharedItemsImports = 4
		XamarinLabb\XamarinLabb\XamarinLabb.projitems*{fa617859-3aa7-4505-bc6a-fe90a327d5d0}*SharedItemsImports = 4
	EndGlobalSection
	GlobalSection(SolutionConfigurationPlatforms) = preSolution
		Ad-Hoc|Any CPU = Ad-Hoc|Any CPU
		Ad-Hoc|ARM = Ad-Hoc|ARM
		Ad-Hoc|iPhone = Ad-Hoc|iPhone
		Ad-Hoc|iPhoneSimulator = Ad-Hoc|iPhoneSimulator
		Ad-Hoc|x64 = Ad-Hoc|x64
		Ad-Hoc|x86 = Ad-Hoc|x86
		AppStore|Any CPU = AppStore|Any CPU
		AppStore|ARM = AppStore|ARM
		AppStore|iPhone = AppStore|iPhone
		AppStore|iPhoneSimulator = AppStore|iPhoneSimulator
		AppStore|x64 = AppStore|x64
		AppStore|x86 = AppStore|x86
		Debug|Any CPU = Debug|Any CPU
		Debug|ARM = Debug|ARM
		Debug|iPhone = Debug|iPhone
		Debug|iPhoneSimulator = Debug|iPhoneSimulator
		Debug|x64 = Debug|x64
		Debug|x86 = Debug|x86
		Release|Any CPU = Release|Any CPU
		Release|ARM = Release|ARM
		Release|iPhone = Release|iPhone
		Release|iPhoneSimulator = Release|iPhoneSimulator
		Release|x64 = Release|x64
		Release|x86 = Release|x86
	EndGlobalSection
	GlobalSection(ProjectConfigurationPlatforms) = postSolution
		{FA617859-3AA7-4505-BC6A-FE90A327D5D0}.Ad-Hoc|Any CPU.ActiveCfg = Release|Any CPU
		{FA617859-3AA7-4505-BC6A-FE90A327D5D0}.Ad-Hoc|Any CPU.Build.0 = Release|Any CPU
		{FA617859-3AA7-4505-BC6A-FE90A327D5D0}.Ad-Hoc|Any CPU.Deploy.0 = Release|Any CPU
		{FA617859-3AA7-4505-BC6A-FE90A327D5D0}.Ad-Hoc|ARM.ActiveCfg = Release|Any CPU
		{FA617859-3AA7-4505-BC6A-FE90A327D5D0}.Ad-Hoc|ARM.Build.0 = Release|Any CPU
		{FA617859-3AA7-4505-BC6A-FE90A327D5D0}.Ad-Hoc|ARM.Deploy.0 = Release|Any CPU
		{FA617859-3AA7-4505-BC6A-FE90A327D5D0}.Ad-Hoc|iPhone.ActiveCfg = Release|Any CPU
		{FA617859-3AA7-4505-BC6A-FE90A327D5D0}.Ad-Hoc|iPhone.Build.0 = Release|Any CPU
		{FA617859-3AA7-4505-BC6A-FE90A327D5D0}.Ad-Hoc|iPhone.Deploy.0 = Release|Any CPU
		{FA617859-3AA7-4505-BC6A-FE90A327D5D0}.Ad-Hoc|iPhoneSimulator.ActiveCfg = Release|Any CPU
		{FA617859-3AA7-4505-BC6A-FE90A327D5D0}.Ad-Hoc|iPhoneSimulator.Build.0 = Release|Any CPU
		{FA617859-3AA7-4505-BC6A-FE90A327D5D0}.Ad-Hoc|iPhoneSimulator.Deploy.0 = Release|Any CPU
		{FA617859-3AA7-4505-BC6A-FE90A327D5D0}.Ad-Hoc|x64.ActiveCfg = Release|Any CPU
		{FA617859-3AA7-4505-BC6A-FE90A327D5D0}.Ad-Hoc|x64.Build.0 = Release|Any CPU
		{FA617859-3AA7-4505-BC6A-FE90A327D5D0}.Ad-Hoc|x64.Deploy.0 = Release|Any CPU
		{FA617859-3AA7-4505-BC6A-FE90A327D5D0}.Ad-Hoc|x86.ActiveCfg = Release|Any CPU
		{FA617859-3AA7-4505-BC6A-FE90A327D5D0}.Ad-Hoc|x86.Build.0 = Release|Any CPU
		{FA617859-3AA7-4505-BC6A-FE90A327D5D0}.Ad-Hoc|x86.Deploy.0 = Release|Any CPU
		{FA617859-3AA7-4505-BC6A-FE90A327D5D0}.AppStore|Any CPU.ActiveCfg = Release|Any CPU
		{FA617859-3AA7-4505-BC6A-FE90A327D5D0}.AppStore|Any CPU.Build.0 = Release|Any CPU
		{FA617859-3AA7-4505-BC6A-FE90A327D5D0}.AppStore|Any CPU.Deploy.0 = Release|Any CPU
		{FA617859-3AA7-4505-BC6A-FE90A327D5D0}.AppStore|ARM.ActiveCfg = Release|Any CPU
		{FA617859-3AA7-4505-BC6A-FE90A327D5D0}.AppStore|ARM.Build.0 = Release|Any CPU
		{FA617859-3AA7-4505-BC6A-FE90A327D5D0}.AppStore|ARM.Deploy.0 = Release|Any CPU
		{FA617859-3AA7-4505-BC6A-FE90A327D5D0}.AppStore|iPhone.ActiveCfg = Release|Any CPU
		{FA617859-3AA7-4505-BC6A-FE90A327D5D0}.AppStore|iPhone.Build.0 = Release|Any CPU
		{FA617859-3AA7-4505-BC6A-FE90A327D5D0}.AppStore|iPhone.Deploy.0 = Release|Any CPU
		{FA617859-3AA7-4505-BC6A-FE90A327D5D0}.AppStore|iPhoneSimulator.ActiveCfg = Release|Any CPU
		{FA617859-3AA7-4505-BC6A-FE90A327D5D0}.AppStore|iPhoneSimulator.Build.0 = Release|Any CPU
		{FA617859-3AA7-4505-BC6A-FE90A327D5D0}.AppStore|iPhoneSimulator.Deploy.0 = Release|Any CPU
		{FA617859-3AA7-4505-BC6A-FE90A327D5D0}.AppStore|x64.ActiveCfg = Release|Any CPU
		{FA617859-3AA7-4505-BC6A-FE90A327D5D0}.AppStore|x64.Build.0 = Release|Any CPU
		{FA617859-3AA7-4505-BC6A-FE90A327D5D0}.AppStore|x64.Deploy.0 = Release|Any CPU
		{FA617859-3AA7-4505-BC6A-FE90A327D5D0}.AppStore|x86.ActiveCfg = Release|Any CPU
		{FA617859-3AA7-4505-BC6A-FE90A327D5D0}.AppStore|x86.Build.0 = Release|Any CPU
		{FA617859-3AA7-4505-BC6A-FE90A327D5D0}.AppStore|x86.Deploy.0 = Release|Any CPU
		{FA617859-3AA7-4505-BC6A-FE90A327D5D0}.Debug|Any CPU.ActiveCfg = Debug|Any CPU
		{FA617859-3AA7-4505-BC6A-FE90A327D5D0}.Debug|Any CPU.Build.0 = Debug|Any CPU
		{FA617859-3AA7-4505-BC6A-FE90A327D5D0}.Debug|Any CPU.Deploy.0 = Debug|Any CPU
		{FA617859-3AA7-4505-BC6A-FE90A327D5D0}.Debug|ARM.ActiveCfg = Debug|Any CPU
		{FA617859-3AA7-4505-BC6A-FE90A327D5D0}.Debug|ARM.Build.0 = Debug|Any CPU
		{FA617859-3AA7-4505-BC6A-FE90A327D5D0}.Debug|ARM.Deploy.0 = Debug|Any CPU
		{FA617859-3AA7-4505-BC6A-FE90A327D5D0}.Debug|iPhone.ActiveCfg = Debug|Any CPU
		{FA617859-3AA7-4505-BC6A-FE90A327D5D0}.Debug|iPhone.Build.0 = Debug|Any CPU
		{FA617859-3AA7-4505-BC6A-FE90A327D5D0}.Debug|iPhone.Deploy.0 = Debug|Any CPU
		{FA617859-3AA7-4505-BC6A-FE90A327D5D0}.Debug|iPhoneSimulator.ActiveCfg = Debug|Any CPU
		{FA617859-3AA7-4505-BC6A-FE90A327D5D0}.Debug|iPhoneSimulator.Build.0 = Debug|Any CPU
		{FA617859-3AA7-4505-BC6A-FE90A327D5D0}.Debug|iPhoneSimulator.Deploy.0 = Debug|Any CPU
		{FA617859-3AA7-4505-BC6A-FE90A327D5D0}.Debug|x64.ActiveCfg = Debug|Any CPU
		{FA617859-3AA7-4505-BC6A-FE90A327D5D0}.Debug|x64.Build.0 = Debug|Any CPU
		{FA617859-3AA7-4505-BC6A-FE90A327D5D0}.Debug|x64.Deploy.0 = Debug|Any CPU
		{FA617859-3AA7-4505-BC6A-FE90A327D5D0}.Debug|x86.ActiveCfg = Debug|Any CPU
		{FA617859-3AA7-4505-BC6A-FE90A327D5D0}.Debug|x86.Build.0 = Debug|Any CPU
		{FA617859-3AA7-4505-BC6A-FE90A327D5D0}.Debug|x86.Deploy.0 = Debug|Any CPU
		{FA617859-3AA7-4505-BC6A-FE90A327D5D0}.Release|Any CPU.ActiveCfg = Release|Any CPU
		{FA617859-3AA7-4505-BC6A-FE90A327D5D0}.Release|Any CPU.Build.0 = Release|Any CPU
		{FA617859-3AA7-4505-BC6A-FE90A327D5D0}.Release|Any CPU.Deploy.0 = Release|Any CPU
		{FA617859-3AA7-4505-BC6A-FE90A327D5D0}.Release|ARM.ActiveCfg = Release|Any CPU
		{FA617859-3AA7-4505-BC6A-FE90A327D5D0}.Release|ARM.Build.0 = Release|Any CPU
		{FA617859-3AA7-4505-BC6A-FE90A327D5D0}.Release|ARM.Deploy.0 = Release|Any CPU
		{FA617859-3AA7-4505-BC6A-FE90A327D5D0}.Release|iPhone.ActiveCfg = Release|Any CPU
		{FA617859-3AA7-4505-BC6A-FE90A327D5D0}.Release|iPhone.Build.0 = Release|Any CPU
		{FA617859-3AA7-4505-BC6A-FE90A327D5D0}.Release|iPhone.Deploy.0 = Release|Any CPU
		{FA617859-3AA7-4505-BC6A-FE90A327D5D0}.Release|iPhoneSimulator.ActiveCfg = Release|Any CPU
		{FA617859-3AA7-4505-BC6A-FE90A327D5D0}.Release|iPhoneSimulator.Build.0 = Release|Any CPU
		{FA617859-3AA7-4505-BC6A-FE90A327D5D0}.Release|iPhoneSimulator.Deploy.0 = Release|Any CPU
		{FA617859-3AA7-4505-BC6A-FE90A327D5D0}.Release|x64.ActiveCfg = Release|Any CPU
		{FA617859-3AA7-4505-BC6A-FE90A327D5D0}.Release|x64.Build.0 = Release|Any CPU
		{FA617859-3AA7-4505-BC6A-FE90A327D5D0}.Release|x64.Deploy.0 = Release|Any CPU
		{FA617859-3AA7-4505-BC6A-FE90A327D5D0}.Release|x86.ActiveCfg = Release|Any CPU
		{FA617859-3AA7-4505-BC6A-FE90A327D5D0}.Release|x86.Build.0 = Release|Any CPU
		{FA617859-3AA7-4505-BC6A-FE90A327D5D0}.Release|x86.Deploy.0 = Release|Any CPU
		{A9A38720-AAB1-493E-BE14-06D0E10FF542}.Ad-Hoc|Any CPU.ActiveCfg = Ad-Hoc|iPhone
		{A9A38720-AAB1-493E-BE14-06D0E10FF542}.Ad-Hoc|ARM.ActiveCfg = Ad-Hoc|iPhone
		{A9A38720-AAB1-493E-BE14-06D0E10FF542}.Ad-Hoc|iPhone.ActiveCfg = Ad-Hoc|iPhone
		{A9A38720-AAB1-493E-BE14-06D0E10FF542}.Ad-Hoc|iPhone.Build.0 = Ad-Hoc|iPhone
		{A9A38720-AAB1-493E-BE14-06D0E10FF542}.Ad-Hoc|iPhoneSimulator.ActiveCfg = Ad-Hoc|iPhoneSimulator
		{A9A38720-AAB1-493E-BE14-06D0E10FF542}.Ad-Hoc|iPhoneSimulator.Build.0 = Ad-Hoc|iPhoneSimulator
		{A9A38720-AAB1-493E-BE14-06D0E10FF542}.Ad-Hoc|x64.ActiveCfg = Ad-Hoc|iPhone
		{A9A38720-AAB1-493E-BE14-06D0E10FF542}.Ad-Hoc|x86.ActiveCfg = Ad-Hoc|iPhone
		{A9A38720-AAB1-493E-BE14-06D0E10FF542}.AppStore|Any CPU.ActiveCfg = AppStore|iPhone
		{A9A38720-AAB1-493E-BE14-06D0E10FF542}.AppStore|ARM.ActiveCfg = AppStore|iPhone
		{A9A38720-AAB1-493E-BE14-06D0E10FF542}.AppStore|iPhone.ActiveCfg = AppStore|iPhone
		{A9A38720-AAB1-493E-BE14-06D0E10FF542}.AppStore|iPhone.Build.0 = AppStore|iPhone
		{A9A38720-AAB1-493E-BE14-06D0E10FF542}.AppStore|iPhoneSimulator.ActiveCfg = AppStore|iPhoneSimulator
		{A9A38720-AAB1-493E-BE14-06D0E10FF542}.AppStore|iPhoneSimulator.Build.0 = AppStore|iPhoneSimulator
		{A9A38720-AAB1-493E-BE14-06D0E10FF542}.AppStore|x64.ActiveCfg = AppStore|iPhone
		{A9A38720-AAB1-493E-BE14-06D0E10FF542}.AppStore|x86.ActiveCfg = AppStore|iPhone
		{A9A38720-AAB1-493E-BE14-06D0E10FF542}.Debug|Any CPU.ActiveCfg = Debug|iPhone
		{A9A38720-AAB1-493E-BE14-06D0E10FF542}.Debug|ARM.ActiveCfg = Debug|iPhone
		{A9A38720-AAB1-493E-BE14-06D0E10FF542}.Debug|iPhone.ActiveCfg = Debug|iPhone
		{A9A38720-AAB1-493E-BE14-06D0E10FF542}.Debug|iPhone.Build.0 = Debug|iPhone
		{A9A38720-AAB1-493E-BE14-06D0E10FF542}.Debug|iPhoneSimulator.ActiveCfg = Debug|iPhoneSimulator
		{A9A38720-AAB1-493E-BE14-06D0E10FF542}.Debug|iPhoneSimulator.Build.0 = Debug|iPhoneSimulator
		{A9A38720-AAB1-493E-BE14-06D0E10FF542}.Debug|x64.ActiveCfg = Debug|iPhone
		{A9A38720-AAB1-493E-BE14-06D0E10FF542}.Debug|x86.ActiveCfg = Debug|iPhone
		{A9A38720-AAB1-493E-BE14-06D0E10FF542}.Release|Any CPU.ActiveCfg = Release|iPhone
		{A9A38720-AAB1-493E-BE14-06D0E10FF542}.Release|ARM.ActiveCfg = Release|iPhone
		{A9A38720-AAB1-493E-BE14-06D0E10FF542}.Release|iPhone.ActiveCfg = Release|iPhone
		{A9A38720-AAB1-493E-BE14-06D0E10FF542}.Release|iPhone.Build.0 = Release|iPhone
		{A9A38720-AAB1-493E-BE14-06D0E10FF542}.Release|iPhoneSimulator.ActiveCfg = Release|iPhoneSimulator
		{A9A38720-AAB1-493E-BE14-06D0E10FF542}.Release|iPhoneSimulator.Build.0 = Release|iPhoneSimulator
		{A9A38720-AAB1-493E-BE14-06D0E10FF542}.Release|x64.ActiveCfg = Release|iPhone
		{A9A38720-AAB1-493E-BE14-06D0E10FF542}.Release|x86.ActiveCfg = Release|iPhone
		{AB6FF724-4884-4E6D-B352-B4F4F7001D55}.Ad-Hoc|Any CPU.ActiveCfg = Release|Any CPU
		{AB6FF724-4884-4E6D-B352-B4F4F7001D55}.Ad-Hoc|Any CPU.Build.0 = Release|Any CPU
		{AB6FF724-4884-4E6D-B352-B4F4F7001D55}.Ad-Hoc|Any CPU.Deploy.0 = Release|Any CPU
		{AB6FF724-4884-4E6D-B352-B4F4F7001D55}.Ad-Hoc|ARM.ActiveCfg = Release|ARM
		{AB6FF724-4884-4E6D-B352-B4F4F7001D55}.Ad-Hoc|ARM.Build.0 = Release|ARM
		{AB6FF724-4884-4E6D-B352-B4F4F7001D55}.Ad-Hoc|ARM.Deploy.0 = Release|ARM
		{AB6FF724-4884-4E6D-B352-B4F4F7001D55}.Ad-Hoc|iPhone.ActiveCfg = Release|Any CPU
		{AB6FF724-4884-4E6D-B352-B4F4F7001D55}.Ad-Hoc|iPhone.Build.0 = Release|Any CPU
		{AB6FF724-4884-4E6D-B352-B4F4F7001D55}.Ad-Hoc|iPhone.Deploy.0 = Release|Any CPU
		{AB6FF724-4884-4E6D-B352-B4F4F7001D55}.Ad-Hoc|iPhoneSimulator.ActiveCfg = Release|Any CPU
		{AB6FF724-4884-4E6D-B352-B4F4F7001D55}.Ad-Hoc|iPhoneSimulator.Build.0 = Release|Any CPU
		{AB6FF724-4884-4E6D-B352-B4F4F7001D55}.Ad-Hoc|iPhoneSimulator.Deploy.0 = Release|Any CPU
		{AB6FF724-4884-4E6D-B352-B4F4F7001D55}.Ad-Hoc|x64.ActiveCfg = Release|Any CPU
		{AB6FF724-4884-4E6D-B352-B4F4F7001D55}.Ad-Hoc|x64.Build.0 = Release|Any CPU
		{AB6FF724-4884-4E6D-B352-B4F4F7001D55}.Ad-Hoc|x64.Deploy.0 = Release|Any CPU
		{AB6FF724-4884-4E6D-B352-B4F4F7001D55}.Ad-Hoc|x86.ActiveCfg = Release|x86
		{AB6FF724-4884-4E6D-B352-B4F4F7001D55}.Ad-Hoc|x86.Build.0 = Release|x86
		{AB6FF724-4884-4E6D-B352-B4F4F7001D55}.Ad-Hoc|x86.Deploy.0 = Release|x86
		{AB6FF724-4884-4E6D-B352-B4F4F7001D55}.AppStore|Any CPU.ActiveCfg = Release|Any CPU
		{AB6FF724-4884-4E6D-B352-B4F4F7001D55}.AppStore|Any CPU.Build.0 = Release|Any CPU
		{AB6FF724-4884-4E6D-B352-B4F4F7001D55}.AppStore|Any CPU.Deploy.0 = Release|Any CPU
		{AB6FF724-4884-4E6D-B352-B4F4F7001D55}.AppStore|ARM.ActiveCfg = Release|ARM
		{AB6FF724-4884-4E6D-B352-B4F4F7001D55}.AppStore|ARM.Build.0 = Release|ARM
		{AB6FF724-4884-4E6D-B352-B4F4F7001D55}.AppStore|ARM.Deploy.0 = Release|ARM
		{AB6FF724-4884-4E6D-B352-B4F4F7001D55}.AppStore|iPhone.ActiveCfg = Release|Any CPU
		{AB6FF724-4884-4E6D-B352-B4F4F7001D55}.AppStore|iPhone.Build.0 = Release|Any CPU
		{AB6FF724-4884-4E6D-B352-B4F4F7001D55}.AppStore|iPhone.Deploy.0 = Release|Any CPU
		{AB6FF724-4884-4E6D-B352-B4F4F7001D55}.AppStore|iPhoneSimulator.ActiveCfg = Release|Any CPU
		{AB6FF724-4884-4E6D-B352-B4F4F7001D55}.AppStore|iPhoneSimulator.Build.0 = Release|Any CPU
		{AB6FF724-4884-4E6D-B352-B4F4F7001D55}.AppStore|iPhoneSimulator.Deploy.0 = Release|Any CPU
		{AB6FF724-4884-4E6D-B352-B4F4F7001D55}.AppStore|x64.ActiveCfg = Release|Any CPU
		{AB6FF724-4884-4E6D-B352-B4F4F7001D55}.AppStore|x64.Build.0 = Release|Any CPU
		{AB6FF724-4884-4E6D-B352-B4F4F7001D55}.AppStore|x64.Deploy.0 = Release|Any CPU
		{AB6FF724-4884-4E6D-B352-B4F4F7001D55}.AppStore|x86.ActiveCfg = Release|x86
		{AB6FF724-4884-4E6D-B352-B4F4F7001D55}.AppStore|x86.Build.0 = Release|x86
		{AB6FF724-4884-4E6D-B352-B4F4F7001D55}.AppStore|x86.Deploy.0 = Release|x86
		{AB6FF724-4884-4E6D-B352-B4F4F7001D55}.Debug|Any CPU.ActiveCfg = Debug|Any CPU
		{AB6FF724-4884-4E6D-B352-B4F4F7001D55}.Debug|Any CPU.Build.0 = Debug|Any CPU
		{AB6FF724-4884-4E6D-B352-B4F4F7001D55}.Debug|Any CPU.Deploy.0 = Debug|Any CPU
		{AB6FF724-4884-4E6D-B352-B4F4F7001D55}.Debug|ARM.ActiveCfg = Debug|ARM
		{AB6FF724-4884-4E6D-B352-B4F4F7001D55}.Debug|ARM.Build.0 = Debug|ARM
		{AB6FF724-4884-4E6D-B352-B4F4F7001D55}.Debug|ARM.Deploy.0 = Debug|ARM
		{AB6FF724-4884-4E6D-B352-B4F4F7001D55}.Debug|iPhone.ActiveCfg = Debug|Any CPU
		{AB6FF724-4884-4E6D-B352-B4F4F7001D55}.Debug|iPhone.Build.0 = Debug|Any CPU
		{AB6FF724-4884-4E6D-B352-B4F4F7001D55}.Debug|iPhone.Deploy.0 = Debug|Any CPU
		{AB6FF724-4884-4E6D-B352-B4F4F7001D55}.Debug|iPhoneSimulator.ActiveCfg = Debug|Any CPU
		{AB6FF724-4884-4E6D-B352-B4F4F7001D55}.Debug|iPhoneSimulator.Build.0 = Debug|Any CPU
		{AB6FF724-4884-4E6D-B352-B4F4F7001D55}.Debug|iPhoneSimulator.Deploy.0 = Debug|Any CPU
		{AB6FF724-4884-4E6D-B352-B4F4F7001D55}.Debug|x64.ActiveCfg = Debug|Any CPU
		{AB6FF724-4884-4E6D-B352-B4F4F7001D55}.Debug|x64.Build.0 = Debug|Any CPU
		{AB6FF724-4884-4E6D-B352-B4F4F7001D55}.Debug|x64.Deploy.0 = Debug|Any CPU
		{AB6FF724-4884-4E6D-B352-B4F4F7001D55}.Debug|x86.ActiveCfg = Debug|x86
		{AB6FF724-4884-4E6D-B352-B4F4F7001D55}.Debug|x86.Build.0 = Debug|x86
		{AB6FF724-4884-4E6D-B352-B4F4F7001D55}.Debug|x86.Deploy.0 = Debug|x86
		{AB6FF724-4884-4E6D-B352-B4F4F7001D55}.Release|Any CPU.ActiveCfg = Release|Any CPU
		{AB6FF724-4884-4E6D-B352-B4F4F7001D55}.Release|Any CPU.Build.0 = Release|Any CPU
		{AB6FF724-4884-4E6D-B352-B4F4F7001D55}.Release|Any CPU.Deploy.0 = Release|Any CPU
		{AB6FF724-4884-4E6D-B352-B4F4F7001D55}.Release|ARM.ActiveCfg = Release|ARM
		{AB6FF724-4884-4E6D-B352-B4F4F7001D55}.Release|ARM.Build.0 = Release|ARM
		{AB6FF724-4884-4E6D-B352-B4F4F7001D55}.Release|ARM.Deploy.0 = Release|ARM
		{AB6FF724-4884-4E6D-B352-B4F4F7001D55}.Release|iPhone.ActiveCfg = Release|Any CPU
		{AB6FF724-4884-4E6D-B352-B4F4F7001D55}.Release|iPhone.Build.0 = Release|Any CPU
		{AB6FF724-4884-4E6D-B352-B4F4F7001D55}.Release|iPhone.Deploy.0 = Release|Any CPU
		{AB6FF724-4884-4E6D-B352-B4F4F7001D55}.Release|iPhoneSimulator.ActiveCfg = Release|Any CPU
		{AB6FF724-4884-4E6D-B352-B4F4F7001D55}.Release|iPhoneSimulator.Build.0 = Release|Any CPU
		{AB6FF724-4884-4E6D-B352-B4F4F7001D55}.Release|iPhoneSimulator.Deploy.0 = Release|Any CPU
		{AB6FF724-4884-4E6D-B352-B4F4F7001D55}.Release|x64.ActiveCfg = Release|Any CPU
		{AB6FF724-4884-4E6D-B352-B4F4F7001D55}.Release|x64.Build.0 = Release|Any CPU
		{AB6FF724-4884-4E6D-B352-B4F4F7001D55}.Release|x64.Deploy.0 = Release|Any CPU
		{AB6FF724-4884-4E6D-B352-B4F4F7001D55}.Release|x86.ActiveCfg = Release|x86
		{AB6FF724-4884-4E6D-B352-B4F4F7001D55}.Release|x86.Build.0 = Release|x86
		{AB6FF724-4884-4E6D-B352-B4F4F7001D55}.Release|x86.Deploy.0 = Release|x86
		{B61B0E55-9BFC-4C8A-BE64-1DE76A7EEEE2}.Ad-Hoc|Any CPU.ActiveCfg = Release|Any CPU
		{B61B0E55-9BFC-4C8A-BE64-1DE76A7EEEE2}.Ad-Hoc|Any CPU.Build.0 = Release|Any CPU
		{B61B0E55-9BFC-4C8A-BE64-1DE76A7EEEE2}.Ad-Hoc|Any CPU.Deploy.0 = Release|Any CPU
		{B61B0E55-9BFC-4C8A-BE64-1DE76A7EEEE2}.Ad-Hoc|ARM.ActiveCfg = Release|ARM
		{B61B0E55-9BFC-4C8A-BE64-1DE76A7EEEE2}.Ad-Hoc|ARM.Build.0 = Release|ARM
		{B61B0E55-9BFC-4C8A-BE64-1DE76A7EEEE2}.Ad-Hoc|ARM.Deploy.0 = Release|ARM
		{B61B0E55-9BFC-4C8A-BE64-1DE76A7EEEE2}.Ad-Hoc|iPhone.ActiveCfg = Release|Any CPU
		{B61B0E55-9BFC-4C8A-BE64-1DE76A7EEEE2}.Ad-Hoc|iPhone.Build.0 = Release|Any CPU
		{B61B0E55-9BFC-4C8A-BE64-1DE76A7EEEE2}.Ad-Hoc|iPhone.Deploy.0 = Release|Any CPU
		{B61B0E55-9BFC-4C8A-BE64-1DE76A7EEEE2}.Ad-Hoc|iPhoneSimulator.ActiveCfg = Release|Any CPU
		{B61B0E55-9BFC-4C8A-BE64-1DE76A7EEEE2}.Ad-Hoc|iPhoneSimulator.Build.0 = Release|Any CPU
		{B61B0E55-9BFC-4C8A-BE64-1DE76A7EEEE2}.Ad-Hoc|iPhoneSimulator.Deploy.0 = Release|Any CPU
		{B61B0E55-9BFC-4C8A-BE64-1DE76A7EEEE2}.Ad-Hoc|x64.ActiveCfg = Release|x64
		{B61B0E55-9BFC-4C8A-BE64-1DE76A7EEEE2}.Ad-Hoc|x64.Build.0 = Release|x64
		{B61B0E55-9BFC-4C8A-BE64-1DE76A7EEEE2}.Ad-Hoc|x64.Deploy.0 = Release|x64
		{B61B0E55-9BFC-4C8A-BE64-1DE76A7EEEE2}.Ad-Hoc|x86.ActiveCfg = Release|x86
		{B61B0E55-9BFC-4C8A-BE64-1DE76A7EEEE2}.Ad-Hoc|x86.Build.0 = Release|x86
		{B61B0E55-9BFC-4C8A-BE64-1DE76A7EEEE2}.Ad-Hoc|x86.Deploy.0 = Release|x86
		{B61B0E55-9BFC-4C8A-BE64-1DE76A7EEEE2}.AppStore|Any CPU.ActiveCfg = Release|Any CPU
		{B61B0E55-9BFC-4C8A-BE64-1DE76A7EEEE2}.AppStore|Any CPU.Build.0 = Release|Any CPU
		{B61B0E55-9BFC-4C8A-BE64-1DE76A7EEEE2}.AppStore|Any CPU.Deploy.0 = Release|Any CPU
		{B61B0E55-9BFC-4C8A-BE64-1DE76A7EEEE2}.AppStore|ARM.ActiveCfg = Release|ARM
		{B61B0E55-9BFC-4C8A-BE64-1DE76A7EEEE2}.AppStore|ARM.Build.0 = Release|ARM
		{B61B0E55-9BFC-4C8A-BE64-1DE76A7EEEE2}.AppStore|ARM.Deploy.0 = Release|ARM
		{B61B0E55-9BFC-4C8A-BE64-1DE76A7EEEE2}.AppStore|iPhone.ActiveCfg = Release|Any CPU
		{B61B0E55-9BFC-4C8A-BE64-1DE76A7EEEE2}.AppStore|iPhone.Build.0 = Release|Any CPU
		{B61B0E55-9BFC-4C8A-BE64-1DE76A7EEEE2}.AppStore|iPhone.Deploy.0 = Release|Any CPU
		{B61B0E55-9BFC-4C8A-BE64-1DE76A7EEEE2}.AppStore|iPhoneSimulator.ActiveCfg = Release|Any CPU
		{B61B0E55-9BFC-4C8A-BE64-1DE76A7EEEE2}.AppStore|iPhoneSimulator.Build.0 = Release|Any CPU
		{B61B0E55-9BFC-4C8A-BE64-1DE76A7EEEE2}.AppStore|iPhoneSimulator.Deploy.0 = Release|Any CPU
		{B61B0E55-9BFC-4C8A-BE64-1DE76A7EEEE2}.AppStore|x64.ActiveCfg = Release|x64
		{B61B0E55-9BFC-4C8A-BE64-1DE76A7EEEE2}.AppStore|x64.Build.0 = Release|x64
		{B61B0E55-9BFC-4C8A-BE64-1DE76A7EEEE2}.AppStore|x64.Deploy.0 = Release|x64
		{B61B0E55-9BFC-4C8A-BE64-1DE76A7EEEE2}.AppStore|x86.ActiveCfg = Release|x86
		{B61B0E55-9BFC-4C8A-BE64-1DE76A7EEEE2}.AppStore|x86.Build.0 = Release|x86
		{B61B0E55-9BFC-4C8A-BE64-1DE76A7EEEE2}.AppStore|x86.Deploy.0 = Release|x86
		{B61B0E55-9BFC-4C8A-BE64-1DE76A7EEEE2}.Debug|Any CPU.ActiveCfg = Debug|Any CPU
		{B61B0E55-9BFC-4C8A-BE64-1DE76A7EEEE2}.Debug|Any CPU.Build.0 = Debug|Any CPU
		{B61B0E55-9BFC-4C8A-BE64-1DE76A7EEEE2}.Debug|Any CPU.Deploy.0 = Debug|Any CPU
		{B61B0E55-9BFC-4C8A-BE64-1DE76A7EEEE2}.Debug|ARM.ActiveCfg = Debug|ARM
		{B61B0E55-9BFC-4C8A-BE64-1DE76A7EEEE2}.Debug|ARM.Build.0 = Debug|ARM
		{B61B0E55-9BFC-4C8A-BE64-1DE76A7EEEE2}.Debug|ARM.Deploy.0 = Debug|ARM
		{B61B0E55-9BFC-4C8A-BE64-1DE76A7EEEE2}.Debug|iPhone.ActiveCfg = Debug|Any CPU
		{B61B0E55-9BFC-4C8A-BE64-1DE76A7EEEE2}.Debug|iPhone.Build.0 = Debug|Any CPU
		{B61B0E55-9BFC-4C8A-BE64-1DE76A7EEEE2}.Debug|iPhone.Deploy.0 = Debug|Any CPU
		{B61B0E55-9BFC-4C8A-BE64-1DE76A7EEEE2}.Debug|iPhoneSimulator.ActiveCfg = Debug|Any CPU
		{B61B0E55-9BFC-4C8A-BE64-1DE76A7EEEE2}.Debug|iPhoneSimulator.Build.0 = Debug|Any CPU
		{B61B0E55-9BFC-4C8A-BE64-1DE76A7EEEE2}.Debug|iPhoneSimulator.Deploy.0 = Debug|Any CPU
		{B61B0E55-9BFC-4C8A-BE64-1DE76A7EEEE2}.Debug|x64.ActiveCfg = Debug|x64
		{B61B0E55-9BFC-4C8A-BE64-1DE76A7EEEE2}.Debug|x64.Build.0 = Debug|x64
		{B61B0E55-9BFC-4C8A-BE64-1DE76A7EEEE2}.Debug|x64.Deploy.0 = Debug|x64
		{B61B0E55-9BFC-4C8A-BE64-1DE76A7EEEE2}.Debug|x86.ActiveCfg = Debug|x86
		{B61B0E55-9BFC-4C8A-BE64-1DE76A7EEEE2}.Debug|x86.Build.0 = Debug|x86
		{B61B0E55-9BFC-4C8A-BE64-1DE76A7EEEE2}.Debug|x86.Deploy.0 = Debug|x86
		{B61B0E55-9BFC-4C8A-BE64-1DE76A7EEEE2}.Release|Any CPU.ActiveCfg = Release|Any CPU
		{B61B0E55-9BFC-4C8A-BE64-1DE76A7EEEE2}.Release|Any CPU.Build.0 = Release|Any CPU
		{B61B0E55-9BFC-4C8A-BE64-1DE76A7EEEE2}.Release|Any CPU.Deploy.0 = Release|Any CPU
		{B61B0E55-9BFC-4C8A-BE64-1DE76A7EEEE2}.Release|ARM.ActiveCfg = Release|ARM
		{B61B0E55-9BFC-4C8A-BE64-1DE76A7EEEE2}.Release|ARM.Build.0 = Release|ARM
		{B61B0E55-9BFC-4C8A-BE64-1DE76A7EEEE2}.Release|ARM.Deploy.0 = Release|ARM
		{B61B0E55-9BFC-4C8A-BE64-1DE76A7EEEE2}.Release|iPhone.ActiveCfg = Release|Any CPU
		{B61B0E55-9BFC-4C8A-BE64-1DE76A7EEEE2}.Release|iPhone.Build.0 = Release|Any CPU
		{B61B0E55-9BFC-4C8A-BE64-1DE76A7EEEE2}.Release|iPhone.Deploy.0 = Release|Any CPU
		{B61B0E55-9BFC-4C8A-BE64-1DE76A7EEEE2}.Release|iPhoneSimulator.ActiveCfg = Release|Any CPU
		{B61B0E55-9BFC-4C8A-BE64-1DE76A7EEEE2}.Release|iPhoneSimulator.Build.0 = Release|Any CPU
		{B61B0E55-9BFC-4C8A-BE64-1DE76A7EEEE2}.Release|iPhoneSimulator.Deploy.0 = Release|Any CPU
		{B61B0E55-9BFC-4C8A-BE64-1DE76A7EEEE2}.Release|x64.ActiveCfg = Release|x64
		{B61B0E55-9BFC-4C8A-BE64-1DE76A7EEEE2}.Release|x64.Build.0 = Release|x64
		{B61B0E55-9BFC-4C8A-BE64-1DE76A7EEEE2}.Release|x64.Deploy.0 = Release|x64
		{B61B0E55-9BFC-4C8A-BE64-1DE76A7EEEE2}.Release|x86.ActiveCfg = Release|x86
		{B61B0E55-9BFC-4C8A-BE64-1DE76A7EEEE2}.Release|x86.Build.0 = Release|x86
		{B61B0E55-9BFC-4C8A-BE64-1DE76A7EEEE2}.Release|x86.Deploy.0 = Release|x86
	EndGlobalSection
	GlobalSection(SolutionProperties) = preSolution
		HideSolutionNode = FALSE
	EndGlobalSection
EndGlobal
